
Microsoft Visual Studio Solution File, Format Version 12.00
Project("{FAE04EC0-301F-11D3-BF4B-00C04F79EFBC}") = "PatchFrYgopro", "PatchFrYgopro\PatchFrYgopro.csproj", "{1902F34F-7DDA-4D80-B92A-26F590AB011A}"
EndProject
Global
	GlobalSection(SolutionConfigurationPlatforms) = preSolution
		Debug|Any CPU = Debug|Any CPU
		Release|Any CPU = Release|Any CPU
	EndGlobalSection
	GlobalSection(ProjectConfigurationPlatforms) = postSolution
		{1902F34F-7DDA-4D80-B92A-26F590AB011A}.Debug|Any CPU.ActiveCfg = Debug|Any CPU
		{1902F34F-7DDA-4D80-B92A-26F590AB011A}.Debug|Any CPU.Build.0 = Debug|Any CPU
		{1902F34F-7DDA-4D80-B92A-26F590AB011A}.Release|Any CPU.ActiveCfg = Release|Any CPU
		{1902F34F-7DDA-4D80-B92A-26F590AB011A}.Release|Any CPU.Build.0 = Release|Any CPU
	EndGlobalSection
EndGlobal
